
Microsoft Visual Studio Solution File, Format Version 12.00
# Visual Studio 15
VisualStudioVersion = 15.0.27703.2047
MinimumVisualStudioVersion = 10.0.40219.1
Project("{FAE04EC0-301F-11D3-BF4B-00C04F79EFBC}") = "Solid.Logger", "Solid.Logger\Solid.Logger.csproj", "{83B37588-0614-489F-9B4D-15143A904BF9}"
EndProject
Global
	GlobalSection(SolutionConfigurationPlatforms) = preSolution
		Debug|Any CPU = Debug|Any CPU
		Release|Any CPU = Release|Any CPU
	EndGlobalSection
	GlobalSection(ProjectConfigurationPlatforms) = postSolution
		{83B37588-0614-489F-9B4D-15143A904BF9}.Debug|Any CPU.ActiveCfg = Debug|Any CPU
		{83B37588-0614-489F-9B4D-15143A904BF9}.Debug|Any CPU.Build.0 = Debug|Any CPU
		{83B37588-0614-489F-9B4D-15143A904BF9}.Release|Any CPU.ActiveCfg = Release|Any CPU
		{83B37588-0614-489F-9B4D-15143A904BF9}.Release|Any CPU.Build.0 = Release|Any CPU
	EndGlobalSection
	GlobalSection(SolutionProperties) = preSolution
		HideSolutionNode = FALSE
	EndGlobalSection
	GlobalSection(ExtensibilityGlobals) = postSolution
		SolutionGuid = {BC414EE0-5906-4F35-955C-86E9E78CCB5A}
	EndGlobalSection
EndGlobal
